
Microsoft Visual Studio Solution File, Format Version 12.00
# Visual Studio Version 16
VisualStudioVersion = 16.0.28803.202
MinimumVisualStudioVersion = 10.0.40219.1
Project("{FAE04EC0-301F-11D3-BF4B-00C04F79EFBC}") = "FileExplorerHelper", "FileExplorerHelper\FileExplorerHelper.csproj", "{149AEDD2-8EF3-47F2-B913-8AE53E89E4FE}"
EndProject
Global
	GlobalSection(SolutionConfigurationPlatforms) = preSolution
		Debug|Any CPU = Debug|Any CPU
	EndGlobalSection
	GlobalSection(ProjectConfigurationPlatforms) = postSolution
		{149AEDD2-8EF3-47F2-B913-8AE53E89E4FE}.Debug|Any CPU.ActiveCfg = Debug|Any CPU
		{149AEDD2-8EF3-47F2-B913-8AE53E89E4FE}.Debug|Any CPU.Build.0 = Debug|Any CPU
	EndGlobalSection
	GlobalSection(SolutionProperties) = preSolution
		HideSolutionNode = FALSE
	EndGlobalSection
	GlobalSection(ExtensibilityGlobals) = postSolution
		SolutionGuid = {6B25F4D5-DC4B-4B89-B16F-313BB082DCB7}
	EndGlobalSection
EndGlobal
